
Microsoft Visual Studio Solution File, Format Version 12.00
# Visual Studio Version 16
VisualStudioVersion = 16.0.31005.135
MinimumVisualStudioVersion = 10.0.40219.1
Project("{FAE04EC0-301F-11D3-BF4B-00C04F79EFBC}") = "DAW2", "DAW2.csproj", "{93255EBE-6E84-42D3-8E38-46AF51CAA67B}"
EndProject
Global
	GlobalSection(SolutionConfigurationPlatforms) = preSolution
		Debug|Any CPU = Debug|Any CPU
		Release|Any CPU = Release|Any CPU
	EndGlobalSection
	GlobalSection(ProjectConfigurationPlatforms) = postSolution
		{93255EBE-6E84-42D3-8E38-46AF51CAA67B}.Debug|Any CPU.ActiveCfg = Debug|Any CPU
		{93255EBE-6E84-42D3-8E38-46AF51CAA67B}.Debug|Any CPU.Build.0 = Debug|Any CPU
		{93255EBE-6E84-42D3-8E38-46AF51CAA67B}.Release|Any CPU.ActiveCfg = Release|Any CPU
		{93255EBE-6E84-42D3-8E38-46AF51CAA67B}.Release|Any CPU.Build.0 = Release|Any CPU
	EndGlobalSection
	GlobalSection(SolutionProperties) = preSolution
		HideSolutionNode = FALSE
	EndGlobalSection
	GlobalSection(ExtensibilityGlobals) = postSolution
		SolutionGuid = {55323656-1BD3-4F88-88E7-9FFC428F17B9}
	EndGlobalSection
EndGlobal
